<?xml version="1.0" encoding="utf-8"?>
<Project ToolsVersion="4.0" xmlns="http://schemas.microsoft.com/developer/msbuild/2003">
  <ItemGroup>
    <ClCompile Include="Game.cpp">
      <Filter>src</Filter>
    </ClCompile>
    <ClCompile Include="main.cpp">
      <Filter>src</Filter>
    </ClCompile>
    <ClCompile Include="Scene.cpp">
      <Filter>src</Filter>
    </ClCompile>
    <ClCompile Include="Player.cpp">
      <Filter>src</Filter>
    </ClCompile>
    <ClCompile Include="Shader.cpp">
      <Filter>src</Filter>
    </ClCompile>
    <ClCompile Include="ShaderProgram.cpp">
      <Filter>src</Filter>
    </ClCompile>
    <ClCompile Include="Sprite.cpp">
      <Filter>src</Filter>
    </ClCompile>
    <ClCompile Include="Texture.cpp">
      <Filter>src</Filter>
    </ClCompile>
    <ClCompile Include="TileMap.cpp">
      <Filter>src</Filter>
    </ClCompile>
    <ClCompile Include="Text.cpp">
      <Filter>src</Filter>
    </ClCompile>
    <ClCompile Include="MainMenu.cpp">
      <Filter>src</Filter>
    </ClCompile>
    <ClCompile Include="Credits.cpp">
      <Filter>src</Filter>
    </ClCompile>
    <ClCompile Include="CollisionBox.cpp">
      <Filter>src</Filter>
    </ClCompile>
    <ClCompile Include="Enemy1.cpp">
      <Filter>src</Filter>
    </ClCompile>
    <ClCompile Include="Entity.cpp">
      <Filter>src</Filter>
    </ClCompile>
    <ClCompile Include="Position.cpp">
      <Filter>src</Filter>
    </ClCompile>
    <ClCompile Include="MenuSuperior.cpp">
      <Filter>src</Filter>
    </ClCompile>
    <ClCompile Include="Instructions.cpp">
      <Filter>src</Filter>
    </ClCompile>
    <ClCompile Include="StartEndDoor.cpp">
      <Filter>src</Filter>
    </ClCompile>
    <ClCompile Include="Key.cpp">
      <Filter>src</Filter>
    </ClCompile>
    <ClCompile Include="Clock.cpp">
      <Filter>src</Filter>
    </ClCompile>
  </ItemGroup>
  <ItemGroup>
    <ClInclude Include="AnimKeyframes.h">
      <Filter>headers</Filter>
    </ClInclude>
    <ClInclude Include="Game.h">
      <Filter>headers</Filter>
    </ClInclude>
    <ClInclude Include="Player.h">
      <Filter>headers</Filter>
    </ClInclude>
    <ClInclude Include="Scene.h">
      <Filter>headers</Filter>
    </ClInclude>
    <ClInclude Include="Shader.h">
      <Filter>headers</Filter>
    </ClInclude>
    <ClInclude Include="ShaderProgram.h">
      <Filter>headers</Filter>
    </ClInclude>
    <ClInclude Include="Sprite.h">
      <Filter>headers</Filter>
    </ClInclude>
    <ClInclude Include="TileMap.h">
      <Filter>headers</Filter>
    </ClInclude>
    <ClInclude Include="Texture.h">
      <Filter>headers</Filter>
    </ClInclude>
    <ClInclude Include="Text.h">
      <Filter>headers</Filter>
    </ClInclude>
    <ClInclude Include="MainMenu.h">
      <Filter>headers</Filter>
    </ClInclude>
    <ClInclude Include="Credits.h">
      <Filter>headers</Filter>
    </ClInclude>
    <ClInclude Include="Position.h">
      <Filter>headers</Filter>
    </ClInclude>
    <ClInclude Include="Entity.h">
      <Filter>headers</Filter>
    </ClInclude>
    <ClInclude Include="CollisionBox.h">
      <Filter>headers</Filter>
    </ClInclude>
    <ClInclude Include="Enemy1.h">
      <Filter>headers</Filter>
    </ClInclude>
    <ClInclude Include="MenuSuperior.h">
      <Filter>headers</Filter>
    </ClInclude>
    <ClInclude Include="Instructions.h">
      <Filter>headers</Filter>
    </ClInclude>
    <ClInclude Include="StartEndDoor.h">
      <Filter>headers</Filter>
    </ClInclude>
    <ClInclude Include="Key.h">
      <Filter>headers</Filter>
    </ClInclude>
    <ClInclude Include="Clock.h">
      <Filter>headers</Filter>
    </ClInclude>
  </ItemGroup>
  <ItemGroup>
    <Filter Include="headers">
      <UniqueIdentifier>{8b838d58-fbf1-4ffa-8ac9-0dac5420d3dd}</UniqueIdentifier>
    </Filter>
    <Filter Include="src">
      <UniqueIdentifier>{caeaeae0-8f6a-4680-a433-68cb3604883d}</UniqueIdentifier>
    </Filter>
  </ItemGroup>
</Project>